
Microsoft Visual Studio Solution File, Format Version 12.00
# Visual Studio Version 17
VisualStudioVersion = 17.14.36518.9 d17.14
MinimumVisualStudioVersion = 10.0.40219.1
Project("{FAE04EC0-301F-11D3-BF4B-00C04F79EFBC}") = "ECommerce.Api", "ECommerce.Api\ECommerce.Api.csproj", "{C1EBC311-EEBE-48BE-ADC5-064424CAA450}"
EndProject
Project("{FAE04EC0-301F-11D3-BF4B-00C04F79EFBC}") = "ECommerce.Shared", "ECommerce.Shared\ECommerce.Shared.csproj", "{2837916E-A2F3-4FEC-9AD6-D0E964D89E5C}"
EndProject
Project("{FAE04EC0-301F-11D3-BF4B-00C04F79EFBC}") = "ECommerce.Processor", "ECommerce.Processor\ECommerce.Processor.csproj", "{82893E9C-3095-48CD-AC46-7459258B4CE2}"
EndProject
Global
	GlobalSection(SolutionConfigurationPlatforms) = preSolution
		Debug|Any CPU = Debug|Any CPU
		Release|Any CPU = Release|Any CPU
	EndGlobalSection
	GlobalSection(ProjectConfigurationPlatforms) = postSolution
		{C1EBC311-EEBE-48BE-ADC5-064424CAA450}.Debug|Any CPU.ActiveCfg = Debug|Any CPU
		{C1EBC311-EEBE-48BE-ADC5-064424CAA450}.Debug|Any CPU.Build.0 = Debug|Any CPU
		{C1EBC311-EEBE-48BE-ADC5-064424CAA450}.Release|Any CPU.ActiveCfg = Release|Any CPU
		{C1EBC311-EEBE-48BE-ADC5-064424CAA450}.Release|Any CPU.Build.0 = Release|Any CPU
		{2837916E-A2F3-4FEC-9AD6-D0E964D89E5C}.Debug|Any CPU.ActiveCfg = Debug|Any CPU
		{2837916E-A2F3-4FEC-9AD6-D0E964D89E5C}.Debug|Any CPU.Build.0 = Debug|Any CPU
		{2837916E-A2F3-4FEC-9AD6-D0E964D89E5C}.Release|Any CPU.ActiveCfg = Release|Any CPU
		{2837916E-A2F3-4FEC-9AD6-D0E964D89E5C}.Release|Any CPU.Build.0 = Release|Any CPU
		{82893E9C-3095-48CD-AC46-7459258B4CE2}.Debug|Any CPU.ActiveCfg = Debug|Any CPU
		{82893E9C-3095-48CD-AC46-7459258B4CE2}.Debug|Any CPU.Build.0 = Debug|Any CPU
		{82893E9C-3095-48CD-AC46-7459258B4CE2}.Release|Any CPU.ActiveCfg = Release|Any CPU
		{82893E9C-3095-48CD-AC46-7459258B4CE2}.Release|Any CPU.Build.0 = Release|Any CPU
	EndGlobalSection
	GlobalSection(SolutionProperties) = preSolution
		HideSolutionNode = FALSE
	EndGlobalSection
	GlobalSection(ExtensibilityGlobals) = postSolution
		SolutionGuid = {F015D766-E007-460A-A572-8EEE51E4528D}
	EndGlobalSection
EndGlobal
